// !$*UTF8*$!
{
	archiveVersion = 1;
	classes = {
	};
	objectVersion = 56;
	objects = {

/* Begin PBXBuildFile section */
		415BA43C2CE51B4A00D4B21E /* AppDelegate.swift in Sources */ = {isa = PBXBuildFile; fileRef = 415BA43B2CE51B4A00D4B21E /* AppDelegate.swift */; };
		415BA43E2CE51B4A00D4B21E /* SceneDelegate.swift in Sources */ = {isa = PBXBuildFile; fileRef = 415BA43D2CE51B4A00D4B21E /* SceneDelegate.swift */; };
		415BA4402CE51B4A00D4B21E /* MovieViewController.swift in Sources */ = {isa = PBXBuildFile; fileRef = 415BA43F2CE51B4A00D4B21E /* MovieViewController.swift */; };
		415BA4452CE51B4C00D4B21E /* Assets.xcassets in Resources */ = {isa = PBXBuildFile; fileRef = 415BA4442CE51B4C00D4B21E /* Assets.xcassets */; };
		415BA4482CE51B4C00D4B21E /* LaunchScreen.storyboard in Resources */ = {isa = PBXBuildFile; fileRef = 415BA4462CE51B4C00D4B21E /* LaunchScreen.storyboard */; };
		415BA4512CE51C0700D4B21E /* SnapKit in Frameworks */ = {isa = PBXBuildFile; productRef = 415BA4502CE51C0700D4B21E /* SnapKit */; };
		415BA4532CE51C0700D4B21E /* SnapKit-Dynamic in Frameworks */ = {isa = PBXBuildFile; productRef = 415BA4522CE51C0700D4B21E /* SnapKit-Dynamic */; };
		415BA4582CE51ED100D4B21E /* Kingfisher in Frameworks */ = {isa = PBXBuildFile; productRef = 415BA4572CE51ED100D4B21E /* Kingfisher */; };
/* End PBXBuildFile section */

/* Begin PBXFileReference section */
		415BA4382CE51B4A00D4B21E /* MovieTZ.app */ = {isa = PBXFileReference; explicitFileType = wrapper.application; includeInIndex = 0; path = MovieTZ.app; sourceTree = BUILT_PRODUCTS_DIR; };
		415BA43B2CE51B4A00D4B21E /* AppDelegate.swift */ = {isa = PBXFileReference; lastKnownFileType = sourcecode.swift; path = AppDelegate.swift; sourceTree = "<group>"; };
		415BA43D2CE51B4A00D4B21E /* SceneDelegate.swift */ = {isa = PBXFileReference; lastKnownFileType = sourcecode.swift; path = SceneDelegate.swift; sourceTree = "<group>"; };
		415BA43F2CE51B4A00D4B21E /* MovieViewController.swift */ = {isa = PBXFileReference; lastKnownFileType = sourcecode.swift; path = MovieViewController.swift; sourceTree = "<group>"; };
		415BA4442CE51B4C00D4B21E /* Assets.xcassets */ = {isa = PBXFileReference; lastKnownFileType = folder.assetcatalog; path = Assets.xcassets; sourceTree = "<group>"; };
		415BA4472CE51B4C00D4B21E /* Base */ = {isa = PBXFileReference; lastKnownFileType = file.storyboard; name = Base; path = Base.lproj/LaunchScreen.storyboard; sourceTree = "<group>"; };
		415BA4492CE51B4C00D4B21E /* Info.plist */ = {isa = PBXFileReference; lastKnownFileType = text.plist.xml; path = Info.plist; sourceTree = "<group>"; };
/* End PBXFileReference section */

/* Begin PBXFrameworksBuildPhase section */
		415BA4352CE51B4A00D4B21E /* Frameworks */ = {
			isa = PBXFrameworksBuildPhase;
			buildActionMask = 2147483647;
			files = (
				415BA4582CE51ED100D4B21E /* Kingfisher in Frameworks */,
				415BA4512CE51C0700D4B21E /* SnapKit in Frameworks */,
				415BA4532CE51C0700D4B21E /* SnapKit-Dynamic in Frameworks */,
			);
			runOnlyForDeploymentPostprocessing = 0;
		};
/* End PBXFrameworksBuildPhase section */

/* Begin PBXGroup section */
		415BA42F2CE51B4A00D4B21E = {
			isa = PBXGroup;
			children = (
				415BA43A2CE51B4A00D4B21E /* MovieTZ */,
				415BA4392CE51B4A00D4B21E /* Products */,
			);
			sourceTree = "<group>";
		};
		415BA4392CE51B4A00D4B21E /* Products */ = {
			isa = PBXGroup;
			children = (
				415BA4382CE51B4A00D4B21E /* MovieTZ.app */,
			);
			name = Products;
			sourceTree = "<group>";
		};
		415BA43A2CE51B4A00D4B21E /* MovieTZ */ = {
			isa = PBXGroup;
			children = (
				415BA43B2CE51B4A00D4B21E /* AppDelegate.swift */,
				415BA43D2CE51B4A00D4B21E /* SceneDelegate.swift */,
				415BA43F2CE51B4A00D4B21E /* MovieViewController.swift */,
				415BA4442CE51B4C00D4B21E /* Assets.xcassets */,
				415BA4462CE51B4C00D4B21E /* LaunchScreen.storyboard */,
				415BA4492CE51B4C00D4B21E /* Info.plist */,
			);
			path = MovieTZ;
			sourceTree = "<group>";
		};
/* End PBXGroup section */

/* Begin PBXNativeTarget section */
		415BA4372CE51B4A00D4B21E /* MovieTZ */ = {
			isa = PBXNativeTarget;
			buildConfigurationList = 415BA44C2CE51B4C00D4B21E /* Build configuration list for PBXNativeTarget "MovieTZ" */;
			buildPhases = (
				415BA4342CE51B4A00D4B21E /* Sources */,
				415BA4352CE51B4A00D4B21E /* Frameworks */,
				415BA4362CE51B4A00D4B21E /* Resources */,
			);
			buildRules = (
			);
			dependencies = (
			);
			name = MovieTZ;
			packageProductDependencies = (
				415BA4502CE51C0700D4B21E /* SnapKit */,
				415BA4522CE51C0700D4B21E /* SnapKit-Dynamic */,
				415BA4572CE51ED100D4B21E /* Kingfisher */,
			);
			productName = MovieTZ;
			productReference = 415BA4382CE51B4A00D4B21E /* MovieTZ.app */;
			productType = "com.apple.product-type.application";
		};
/* End PBXNativeTarget section */

/* Begin PBXProject section */
		415BA4302CE51B4A00D4B21E /* Project object */ = {
			isa = PBXProject;
			attributes = {
				BuildIndependentTargetsInParallel = 1;
				LastSwiftUpdateCheck = 1520;
				LastUpgradeCheck = 1520;
				TargetAttributes = {
					415BA4372CE51B4A00D4B21E = {
						CreatedOnToolsVersion = 15.2;
					};
				};
			};
			buildConfigurationList = 415BA4332CE51B4A00D4B21E /* Build configuration list for PBXProject "MovieTZ" */;
			compatibilityVersion = "Xcode 14.0";
			developmentRegion = en;
			hasScannedForEncodings = 0;
			knownRegions = (
				en,
				Base,
			);
			mainGroup = 415BA42F2CE51B4A00D4B21E;
			packageReferences = (
				415BA44F2CE51C0700D4B21E /* XCRemoteSwiftPackageReference "SnapKit" */,
				415BA4562CE51ED100D4B21E /* XCRemoteSwiftPackageReference "Kingfisher" */,
			);
			productRefGroup = 415BA4392CE51B4A00D4B21E /* Products */;
			projectDirPath = "";
			projectRoot = "";
			targets = (
				415BA4372CE51B4A00D4B21E /* MovieTZ */,
			);
		};
/* End PBXProject section */

/* Begin PBXResourcesBuildPhase section */
		415BA4362CE51B4A00D4B21E /* Resources */ = {
			isa = PBXResourcesBuildPhase;
			buildActionMask = 2147483647;
			files = (
				415BA4482CE51B4C00D4B21E /* LaunchScreen.storyboard in Resources */,
				415BA4452CE51B4C00D4B21E /* Assets.xcassets in Resources */,
			);
			runOnlyForDeploymentPostprocessing = 0;
		};
/* End PBXResourcesBuildPhase section */

/* Begin PBXSourcesBuildPhase section */
		415BA4342CE51B4A00D4B21E /* Sources */ = {
			isa = PBXSourcesBuildPhase;
			buildActionMask = 2147483647;
			files = (
				415BA4402CE51B4A00D4B21E /* MovieViewController.swift in Sources */,
				415BA43C2CE51B4A00D4B21E /* AppDelegate.swift in Sources */,
				415BA43E2CE51B4A00D4B21E /* SceneDelegate.swift in Sources */,
			);
			runOnlyForDeploymentPostprocessing = 0;
		};
/* End PBXSourcesBuildPhase section */

/* Begin PBXVariantGroup section */
		415BA4462CE51B4C00D4B21E /* LaunchScreen.storyboard */ = {
			isa = PBXVariantGroup;
			children = (
				415BA4472CE51B4C00D4B21E /* Base */,
			);
			name = LaunchScreen.storyboard;
			sourceTree = "<group>";
		};
/* End PBXVariantGroup section */

/* Begin XCBuildConfiguration section */
		415BA44A2CE51B4C00D4B21E /* Debug */ = {
			isa = XCBuildConfiguration;
			buildSettings = {
				ALWAYS_SEARCH_USER_PATHS = NO;
				ASSETCATALOG_COMPILER_GENERATE_SWIFT_ASSET_SYMBOL_EXTENSIONS = YES;
				CLANG_ANALYZER_NONNULL = YES;
				CLANG_ANALYZER_NUMBER_OBJECT_CONVERSION = YES_AGGRESSIVE;
				CLANG_CXX_LANGUAGE_STANDARD = "gnu++20";
				CLANG_ENABLE_MODULES = YES;
				CLANG_ENABLE_OBJC_ARC = YES;
				CLANG_ENABLE_OBJC_WEAK = YES;
				CLANG_WARN_BLOCK_CAPTURE_AUTORELEASING = YES;
				CLANG_WARN_BOOL_CONVERSION = YES;
				CLANG_WARN_COMMA = YES;
				CLANG_WARN_CONSTANT_CONVERSION = YES;
				CLANG_WARN_DEPRECATED_OBJC_IMPLEMENTATIONS = YES;
				CLANG_WARN_DIRECT_OBJC_ISA_USAGE = YES_ERROR;
				CLANG_WARN_DOCUMENTATION_COMMENTS = YES;
				CLANG_WARN_EMPTY_BODY = YES;
				CLANG_WARN_ENUM_CONVERSION = YES;
				CLANG_WARN_INFINITE_RECURSION = YES;
				CLANG_WARN_INT_CONVERSION = YES;
				CLANG_WARN_NON_LITERAL_NULL_CONVERSION = YES;
				CLANG_WARN_OBJC_IMPLICIT_RETAIN_SELF = YES;
				CLANG_WARN_OBJC_LITERAL_CONVERSION = YES;
				CLANG_WARN_OBJC_ROOT_CLASS = YES_ERROR;
				CLANG_WARN_QUOTED_INCLUDE_IN_FRAMEWORK_HEADER = YES;
				CLANG_WARN_RANGE_LOOP_ANALYSIS = YES;
				CLANG_WARN_STRICT_PROTOTYPES = YES;
				CLANG_WARN_SUSPICIOUS_MOVE = YES;
				CLANG_WARN_UNGUARDED_AVAILABILITY = YES_AGGRESSIVE;
				CLANG_WARN_UNREACHABLE_CODE = YES;
				CLANG_WARN__DUPLICATE_METHOD_MATCH = YES;
				COPY_PHASE_STRIP = NO;
				DEBUG_INFORMATION_FORMAT = dwarf;
				ENABLE_STRICT_OBJC_MSGSEND = YES;
				ENABLE_TESTABILITY = YES;
				ENABLE_USER_SCRIPT_SANDBOXING = YES;
				GCC_C_LANGUAGE_STANDARD = gnu17;
				GCC_DYNAMIC_NO_PIC = NO;
				GCC_NO_COMMON_BLOCKS = YES;
				GCC_OPTIMIZATION_LEVEL = 0;
				GCC_PREPROCESSOR_DEFINITIONS = (
					"DEBUG=1",
					"$(inherited)",
				);
				GCC_WARN_64_TO_32_BIT_CONVERSION = YES;
				GCC_WARN_ABOUT_RETURN_TYPE = YES_ERROR;
				GCC_WARN_UNDECLARED_SELECTOR = YES;
				GCC_WARN_UNINITIALIZED_AUTOS = YES_AGGRESSIVE;
				GCC_WARN_UNUSED_FUNCTION = YES;
				GCC_WARN_UNUSED_VARIABLE = YES;
				IPHONEOS_DEPLOYMENT_TARGET = 17.2;
				LOCALIZATION_PREFERS_STRING_CATALOGS = YES;
				MTL_ENABLE_DEBUG_INFO = INCLUDE_SOURCE;
				MTL_FAST_MATH = YES;
				ONLY_ACTIVE_ARCH = YES;
				SDKROOT = iphoneos;
				SWIFT_ACTIVE_COMPILATION_CONDITIONS = "DEBUG $(inherited)";
				SWIFT_OPTIMIZATION_LEVEL = "-Onone";
			};
			name = Debug;
		};
		415BA44B2CE51B4C00D4B21E /* Release */ = {
			isa = XCBuildConfiguration;
			buildSettings = {
				ALWAYS_SEARCH_USER_PATHS = NO;
				ASSETCATALOG_COMPILER_GENERATE_SWIFT_ASSET_SYMBOL_EXTENSIONS = YES;
				CLANG_ANALYZER_NONNULL = YES;
				CLANG_ANALYZER_NUMBER_OBJECT_CONVERSION = YES_AGGRESSIVE;
				CLANG_CXX_LANGUAGE_STANDARD = "gnu++20";
				CLANG_ENABLE_MODULES = YES;
				CLANG_ENABLE_OBJC_ARC = YES;
				CLANG_ENABLE_OBJC_WEAK = YES;
				CLANG_WARN_BLOCK_CAPTURE_AUTORELEASING = YES;
				CLANG_WARN_BOOL_CONVERSION = YES;
				CLANG_WARN_COMMA = YES;
				CLANG_WARN_CONSTANT_CONVERSION = YES;
				CLANG_WARN_DEPRECATED_OBJC_IMPLEMENTATIONS = YES;
				CLANG_WARN_DIRECT_OBJC_ISA_USAGE = YES_ERROR;
				CLANG_WARN_DOCUMENTATION_COMMENTS = YES;
				CLANG_WARN_EMPTY_BODY = YES;
				CLANG_WARN_ENUM_CONVERSION = YES;
				CLANG_WARN_INFINITE_RECURSION = YES;
				CLANG_WARN_INT_CONVERSION = YES;
				CLANG_WARN_NON_LITERAL_NULL_CONVERSION = YES;
				CLANG_WARN_OBJC_IMPLICIT_RETAIN_SELF = YES;
				CLANG_WARN_OBJC_LITERAL_CONVERSION = YES;
				CLANG_WARN_OBJC_ROOT_CLASS = YES_ERROR;
				CLANG_WARN_QUOTED_INCLUDE_IN_FRAMEWORK_HEADER = YES;
				CLANG_WARN_RANGE_LOOP_ANALYSIS = YES;
				CLANG_WARN_STRICT_PROTOTYPES = YES;
				CLANG_WARN_SUSPICIOUS_MOVE = YES;
				CLANG_WARN_UNGUARDED_AVAILABILITY = YES_AGGRESSIVE;
				CLANG_WARN_UNREACHABLE_CODE = YES;
				CLANG_WARN__DUPLICATE_METHOD_MATCH = YES;
				COPY_PHASE_STRIP = NO;
				DEBUG_INFORMATION_FORMAT = "dwarf-with-dsym";
				ENABLE_NS_ASSERTIONS = NO;
				ENABLE_STRICT_OBJC_MSGSEND = YES;
				ENABLE_USER_SCRIPT_SANDBOXING = YES;
				GCC_C_LANGUAGE_STANDARD = gnu17;
				GCC_NO_COMMON_BLOCKS = YES;
				GCC_WARN_64_TO_32_BIT_CONVERSION = YES;
				GCC_WARN_ABOUT_RETURN_TYPE = YES_ERROR;
				GCC_WARN_UNDECLARED_SELECTOR = YES;
				GCC_WARN_UNINITIALIZED_AUTOS = YES_AGGRESSIVE;
				GCC_WARN_UNUSED_FUNCTION = YES;
				GCC_WARN_UNUSED_VARIABLE = YES;
				IPHONEOS_DEPLOYMENT_TARGET = 17.2;
				LOCALIZATION_PREFERS_STRING_CATALOGS = YES;
				MTL_ENABLE_DEBUG_INFO = NO;
				MTL_FAST_MATH = YES;
				SDKROOT = iphoneos;
				SWIFT_COMPILATION_MODE = wholemodule;
				VALIDATE_PRODUCT = YES;
			};
			name = Release;
		};
		415BA44D2CE51B4C00D4B21E /* Debug */ = {
			isa = XCBuildConfiguration;
			buildSettings = {
				ASSETCATALOG_COMPILER_APPICON_NAME = AppIcon;
				ASSETCATALOG_COMPILER_GLOBAL_ACCENT_COLOR_NAME = AccentColor;
				CODE_SIGN_STYLE = Automatic;
				CURRENT_PROJECT_VERSION = 1;
				DEVELOPMENT_TEAM = 8BB3UWB5NY;
				GENERATE_INFOPLIST_FILE = YES;
				INFOPLIST_FILE = MovieTZ/Info.plist;
				INFOPLIST_KEY_UIApplicationSupportsIndirectInputEvents = YES;
				INFOPLIST_KEY_UILaunchStoryboardName = LaunchScreen;
				INFOPLIST_KEY_UIMainStoryboardFile = Main;
				INFOPLIST_KEY_UISupportedInterfaceOrientations_iPad = "UIInterfaceOrientationPortrait UIInterfaceOrientationPortraitUpsideDown UIInterfaceOrientationLandscapeLeft UIInterfaceOrientationLandscapeRight";
				INFOPLIST_KEY_UISupportedInterfaceOrientations_iPhone = "UIInterfaceOrientationPortrait UIInterfaceOrientationLandscapeLeft UIInterfaceOrientationLandscapeRight";
				LD_RUNPATH_SEARCH_PATHS = (
					"$(inherited)",
					"@executable_path/Frameworks",
				);
				MARKETING_VERSION = 1.0;
				PRODUCT_BUNDLE_IDENTIFIER = com.ali.MovieTZ;
				PRODUCT_NAME = "$(TARGET_NAME)";
				SWIFT_EMIT_LOC_STRINGS = YES;
				SWIFT_VERSION = 5.0;
				TARGETED_DEVICE_FAMILY = "1,2";
			};
			name = Debug;
		};
		415BA44E2CE51B4C00D4B21E /* Release */ = {
			isa = XCBuildConfiguration;
			buildSettings = {
				ASSETCATALOG_COMPILER_APPICON_NAME = AppIcon;
				ASSETCATALOG_COMPILER_GLOBAL_ACCENT_COLOR_NAME = AccentColor;
				CODE_SIGN_STYLE = Automatic;
				CURRENT_PROJECT_VERSION = 1;
				DEVELOPMENT_TEAM = 8BB3UWB5NY;
				GENERATE_INFOPLIST_FILE = YES;
				INFOPLIST_FILE = MovieTZ/Info.plist;
				INFOPLIST_KEY_UIApplicationSupportsIndirectInputEvents = YES;
				INFOPLIST_KEY_UILaunchStoryboardName = LaunchScreen;
				INFOPLIST_KEY_UIMainStoryboardFile = Main;
				INFOPLIST_KEY_UISupportedInterfaceOrientations_iPad = "UIInterfaceOrientationPortrait UIInterfaceOrientationPortraitUpsideDown UIInterfaceOrientationLandscapeLeft UIInterfaceOrientationLandscapeRight";
				INFOPLIST_KEY_UISupportedInterfaceOrientations_iPhone = "UIInterfaceOrientationPortrait UIInterfaceOrientationLandscapeLeft UIInterfaceOrientationLandscapeRight";
				LD_RUNPATH_SEARCH_PATHS = (
					"$(inherited)",
					"@executable_path/Frameworks",
				);
				MARKETING_VERSION = 1.0;
				PRODUCT_BUNDLE_IDENTIFIER = com.ali.MovieTZ;
				PRODUCT_NAME = "$(TARGET_NAME)";
				SWIFT_EMIT_LOC_STRINGS = YES;
				SWIFT_VERSION = 5.0;
				TARGETED_DEVICE_FAMILY = "1,2";
			};
			name = Release;
		};
/* End XCBuildConfiguration section */

/* Begin XCConfigurationList section */
		415BA4332CE51B4A00D4B21E /* Build configuration list for PBXProject "MovieTZ" */ = {
			isa = XCConfigurationList;
			buildConfigurations = (
				415BA44A2CE51B4C00D4B21E /* Debug */,
				415BA44B2CE51B4C00D4B21E /* Release */,
			);
			defaultConfigurationIsVisible = 0;
			defaultConfigurationName = Release;
		};
		415BA44C2CE51B4C00D4B21E /* Build configuration list for PBXNativeTarget "MovieTZ" */ = {
			isa = XCConfigurationList;
			buildConfigurations = (
				415BA44D2CE51B4C00D4B21E /* Debug */,
				415BA44E2CE51B4C00D4B21E /* Release */,
			);
			defaultConfigurationIsVisible = 0;
			defaultConfigurationName = Release;
		};
/* End XCConfigurationList section */

/* Begin XCRemoteSwiftPackageReference section */
		415BA44F2CE51C0700D4B21E /* XCRemoteSwiftPackageReference "SnapKit" */ = {
			isa = XCRemoteSwiftPackageReference;
			repositoryURL = "https://github.com/SnapKit/SnapKit.git";
			requirement = {
				kind = upToNextMajorVersion;
				minimumVersion = 5.7.1;
			};
		};
		415BA4562CE51ED100D4B21E /* XCRemoteSwiftPackageReference "Kingfisher" */ = {
			isa = XCRemoteSwiftPackageReference;
			repositoryURL = "https://github.com/onevcat/Kingfisher.git";
			requirement = {
				kind = upToNextMajorVersion;
				minimumVersion = 8.1.0;
			};
		};
/* End XCRemoteSwiftPackageReference section */

/* Begin XCSwiftPackageProductDependency section */
		415BA4502CE51C0700D4B21E /* SnapKit */ = {
			isa = XCSwiftPackageProductDependency;
			package = 415BA44F2CE51C0700D4B21E /* XCRemoteSwiftPackageReference "SnapKit" */;
			productName = SnapKit;
		};
		415BA4522CE51C0700D4B21E /* SnapKit-Dynamic */ = {
			isa = XCSwiftPackageProductDependency;
			package = 415BA44F2CE51C0700D4B21E /* XCRemoteSwiftPackageReference "SnapKit" */;
			productName = "SnapKit-Dynamic";
		};
		415BA4572CE51ED100D4B21E /* Kingfisher */ = {
			isa = XCSwiftPackageProductDependency;
			package = 415BA4562CE51ED100D4B21E /* XCRemoteSwiftPackageReference "Kingfisher" */;
			productName = Kingfisher;
		};
/* End XCSwiftPackageProductDependency section */
	};
	rootObject = 415BA4302CE51B4A00D4B21E /* Project object */;
}
